# This file is generated by running "yarn install" inside your project.
# Manual changes might be lost - proceed with caution!

__metadata:
  version: 6
  cacheKey: 8

"@carbon/videoplatformeditor-core@workspace:*, @carbon/videoplatformeditor-core@workspace:Modules/core":
  version: 0.0.0-use.local
  resolution: "@carbon/videoplatformeditor-core@workspace:Modules/core"
  dependencies:
    typesafe-actions: ~5.1.0
  languageName: unknown
  linkType: soft

"@carbon/videoplatformeditor-plugin@workspace:Modules/plugin":
  version: 0.0.0-use.local
  resolution: "@carbon/videoplatformeditor-plugin@workspace:Modules/plugin"
  dependencies:
    "@carbon/videoplatformeditor-core": "workspace:*"
    "@neos-project/neos-ui-extensibility": ~9.1.4
  languageName: unknown
  linkType: soft

"@carbon/videoplatformeditor@workspace:.":
  version: 0.0.0-use.local
  resolution: "@carbon/videoplatformeditor@workspace:."
  dependencies:
    "@types/react": ^17.0.3
    "@types/react-dom": ^17.0.3
    esbuild: ~0.27.0
    typescript: ~4.9.0
  languageName: unknown
  linkType: soft

"@esbuild/aix-ppc64@npm:0.27.2":
  version: 0.27.2
  resolution: "@esbuild/aix-ppc64@npm:0.27.2"
  conditions: os=aix & cpu=ppc64
  languageName: node
  linkType: hard

"@esbuild/android-arm64@npm:0.27.2":
  version: 0.27.2
  resolution: "@esbuild/android-arm64@npm:0.27.2"
  conditions: os=android & cpu=arm64
  languageName: node
  linkType: hard

"@esbuild/android-arm@npm:0.27.2":
  version: 0.27.2
  resolution: "@esbuild/android-arm@npm:0.27.2"
  conditions: os=android & cpu=arm
  languageName: node
  linkType: hard

"@esbuild/android-x64@npm:0.27.2":
  version: 0.27.2
  resolution: "@esbuild/android-x64@npm:0.27.2"
  conditions: os=android & cpu=x64
  languageName: node
  linkType: hard

"@esbuild/darwin-arm64@npm:0.27.2":
  version: 0.27.2
  resolution: "@esbuild/darwin-arm64@npm:0.27.2"
  conditions: os=darwin & cpu=arm64
  languageName: node
  linkType: hard

"@esbuild/darwin-x64@npm:0.27.2":
  version: 0.27.2
  resolution: "@esbuild/darwin-x64@npm:0.27.2"
  conditions: os=darwin & cpu=x64
  languageName: node
  linkType: hard

"@esbuild/freebsd-arm64@npm:0.27.2":
  version: 0.27.2
  resolution: "@esbuild/freebsd-arm64@npm:0.27.2"
  conditions: os=freebsd & cpu=arm64
  languageName: node
  linkType: hard

"@esbuild/freebsd-x64@npm:0.27.2":
  version: 0.27.2
  resolution: "@esbuild/freebsd-x64@npm:0.27.2"
  conditions: os=freebsd & cpu=x64
  languageName: node
  linkType: hard

"@esbuild/linux-arm64@npm:0.27.2":
  version: 0.27.2
  resolution: "@esbuild/linux-arm64@npm:0.27.2"
  conditions: os=linux & cpu=arm64
  languageName: node
  linkType: hard

"@esbuild/linux-arm@npm:0.27.2":
  version: 0.27.2
  resolution: "@esbuild/linux-arm@npm:0.27.2"
  conditions: os=linux & cpu=arm
  languageName: node
  linkType: hard

"@esbuild/linux-ia32@npm:0.27.2":
  version: 0.27.2
  resolution: "@esbuild/linux-ia32@npm:0.27.2"
  conditions: os=linux & cpu=ia32
  languageName: node
  linkType: hard

"@esbuild/linux-loong64@npm:0.27.2":
  version: 0.27.2
  resolution: "@esbuild/linux-loong64@npm:0.27.2"
  conditions: os=linux & cpu=loong64
  languageName: node
  linkType: hard

"@esbuild/linux-mips64el@npm:0.27.2":
  version: 0.27.2
  resolution: "@esbuild/linux-mips64el@npm:0.27.2"
  conditions: os=linux & cpu=mips64el
  languageName: node
  linkType: hard

"@esbuild/linux-ppc64@npm:0.27.2":
  version: 0.27.2
  resolution: "@esbuild/linux-ppc64@npm:0.27.2"
  conditions: os=linux & cpu=ppc64
  languageName: node
  linkType: hard

"@esbuild/linux-riscv64@npm:0.27.2":
  version: 0.27.2
  resolution: "@esbuild/linux-riscv64@npm:0.27.2"
  conditions: os=linux & cpu=riscv64
  languageName: node
  linkType: hard

"@esbuild/linux-s390x@npm:0.27.2":
  version: 0.27.2
  resolution: "@esbuild/linux-s390x@npm:0.27.2"
  conditions: os=linux & cpu=s390x
  languageName: node
  linkType: hard

"@esbuild/linux-x64@npm:0.27.2":
  version: 0.27.2
  resolution: "@esbuild/linux-x64@npm:0.27.2"
  conditions: os=linux & cpu=x64
  languageName: node
  linkType: hard

"@esbuild/netbsd-arm64@npm:0.27.2":
  version: 0.27.2
  resolution: "@esbuild/netbsd-arm64@npm:0.27.2"
  conditions: os=netbsd & cpu=arm64
  languageName: node
  linkType: hard

"@esbuild/netbsd-x64@npm:0.27.2":
  version: 0.27.2
  resolution: "@esbuild/netbsd-x64@npm:0.27.2"
  conditions: os=netbsd & cpu=x64
  languageName: node
  linkType: hard

"@esbuild/openbsd-arm64@npm:0.27.2":
  version: 0.27.2
  resolution: "@esbuild/openbsd-arm64@npm:0.27.2"
  conditions: os=openbsd & cpu=arm64
  languageName: node
  linkType: hard

"@esbuild/openbsd-x64@npm:0.27.2":
  version: 0.27.2
  resolution: "@esbuild/openbsd-x64@npm:0.27.2"
  conditions: os=openbsd & cpu=x64
  languageName: node
  linkType: hard

"@esbuild/openharmony-arm64@npm:0.27.2":
  version: 0.27.2
  resolution: "@esbuild/openharmony-arm64@npm:0.27.2"
  conditions: os=openharmony & cpu=arm64
  languageName: node
  linkType: hard

"@esbuild/sunos-x64@npm:0.27.2":
  version: 0.27.2
  resolution: "@esbuild/sunos-x64@npm:0.27.2"
  conditions: os=sunos & cpu=x64
  languageName: node
  linkType: hard

"@esbuild/win32-arm64@npm:0.27.2":
  version: 0.27.2
  resolution: "@esbuild/win32-arm64@npm:0.27.2"
  conditions: os=win32 & cpu=arm64
  languageName: node
  linkType: hard

"@esbuild/win32-ia32@npm:0.27.2":
  version: 0.27.2
  resolution: "@esbuild/win32-ia32@npm:0.27.2"
  conditions: os=win32 & cpu=ia32
  languageName: node
  linkType: hard

"@esbuild/win32-x64@npm:0.27.2":
  version: 0.27.2
  resolution: "@esbuild/win32-x64@npm:0.27.2"
  conditions: os=win32 & cpu=x64
  languageName: node
  linkType: hard

"@neos-project/neos-ui-extensibility@npm:~9.1.4":
  version: 9.1.4
  resolution: "@neos-project/neos-ui-extensibility@npm:9.1.4"
  checksum: 5161c769b4c4dece2c9c9b8d2c31b50ab566e6b347029edd24969343b748001af258f9a747b7aad9fcf7c04c05835523df495b03b2496cf87b035115eb34f16c
  languageName: node
  linkType: hard

"@types/prop-types@npm:*":
  version: 15.7.15
  resolution: "@types/prop-types@npm:15.7.15"
  checksum: 31aa2f59b28f24da6fb4f1d70807dae2aedfce090ec63eaf9ea01727a9533ef6eaf017de5bff99fbccad7d1c9e644f52c6c2ba30869465dd22b1a7221c29f356
  languageName: node
  linkType: hard

"@types/react-dom@npm:^17.0.3":
  version: 17.0.26
  resolution: "@types/react-dom@npm:17.0.26"
  peerDependencies:
    "@types/react": ^17.0.0
  checksum: 2b62bf86c22b5e84a99d356bf50f5ea681aa70d11d0669c3ab6d5855751677ffb7e7b8d2cec01fff4d3923d0da3221821f7f55ddaa1cf42bc7a06545fe7cf2f1
  languageName: node
  linkType: hard

"@types/react@npm:^17.0.3":
  version: 17.0.90
  resolution: "@types/react@npm:17.0.90"
  dependencies:
    "@types/prop-types": "*"
    "@types/scheduler": ^0.16
    csstype: ^3.2.2
  checksum: 96de8ae4ecb49263de1a3adb405ab929fcb6577af4080b6aa17757c3ccc00a3163c0fab66e0938265888020bf7f31aefead2622385da81a8c562d01f60343b91
  languageName: node
  linkType: hard

"@types/scheduler@npm:^0.16":
  version: 0.16.8
  resolution: "@types/scheduler@npm:0.16.8"
  checksum: 6c091b096daa490093bf30dd7947cd28e5b2cd612ec93448432b33f724b162587fed9309a0acc104d97b69b1d49a0f3fc755a62282054d62975d53d7fd13472d
  languageName: node
  linkType: hard

"csstype@npm:^3.2.2":
  version: 3.2.3
  resolution: "csstype@npm:3.2.3"
  checksum: cb882521b3398958a1ce6ca98c011aec0bde1c77ecaf8a1dd4db3b112a189939beae3b1308243b2fe50fc27eb3edeb0f73a5a4d91d928765dc6d5ecc7bda92ee
  languageName: node
  linkType: hard

"esbuild@npm:~0.27.0":
  version: 0.27.2
  resolution: "esbuild@npm:0.27.2"
  dependencies:
    "@esbuild/aix-ppc64": 0.27.2
    "@esbuild/android-arm": 0.27.2
    "@esbuild/android-arm64": 0.27.2
    "@esbuild/android-x64": 0.27.2
    "@esbuild/darwin-arm64": 0.27.2
    "@esbuild/darwin-x64": 0.27.2
    "@esbuild/freebsd-arm64": 0.27.2
    "@esbuild/freebsd-x64": 0.27.2
    "@esbuild/linux-arm": 0.27.2
    "@esbuild/linux-arm64": 0.27.2
    "@esbuild/linux-ia32": 0.27.2
    "@esbuild/linux-loong64": 0.27.2
    "@esbuild/linux-mips64el": 0.27.2
    "@esbuild/linux-ppc64": 0.27.2
    "@esbuild/linux-riscv64": 0.27.2
    "@esbuild/linux-s390x": 0.27.2
    "@esbuild/linux-x64": 0.27.2
    "@esbuild/netbsd-arm64": 0.27.2
    "@esbuild/netbsd-x64": 0.27.2
    "@esbuild/openbsd-arm64": 0.27.2
    "@esbuild/openbsd-x64": 0.27.2
    "@esbuild/openharmony-arm64": 0.27.2
    "@esbuild/sunos-x64": 0.27.2
    "@esbuild/win32-arm64": 0.27.2
    "@esbuild/win32-ia32": 0.27.2
    "@esbuild/win32-x64": 0.27.2
  dependenciesMeta:
    "@esbuild/aix-ppc64":
      optional: true
    "@esbuild/android-arm":
      optional: true
    "@esbuild/android-arm64":
      optional: true
    "@esbuild/android-x64":
      optional: true
    "@esbuild/darwin-arm64":
      optional: true
    "@esbuild/darwin-x64":
      optional: true
    "@esbuild/freebsd-arm64":
      optional: true
    "@esbuild/freebsd-x64":
      optional: true
    "@esbuild/linux-arm":
      optional: true
    "@esbuild/linux-arm64":
      optional: true
    "@esbuild/linux-ia32":
      optional: true
    "@esbuild/linux-loong64":
      optional: true
    "@esbuild/linux-mips64el":
      optional: true
    "@esbuild/linux-ppc64":
      optional: true
    "@esbuild/linux-riscv64":
      optional: true
    "@esbuild/linux-s390x":
      optional: true
    "@esbuild/linux-x64":
      optional: true
    "@esbuild/netbsd-arm64":
      optional: true
    "@esbuild/netbsd-x64":
      optional: true
    "@esbuild/openbsd-arm64":
      optional: true
    "@esbuild/openbsd-x64":
      optional: true
    "@esbuild/openharmony-arm64":
      optional: true
    "@esbuild/sunos-x64":
      optional: true
    "@esbuild/win32-arm64":
      optional: true
    "@esbuild/win32-ia32":
      optional: true
    "@esbuild/win32-x64":
      optional: true
  bin:
    esbuild: bin/esbuild
  checksum: 62ec92f8f40ad19922ae7d8dbf0427e41744120a77cc95abdf099dfb484d65fbe3c70cc55b8eccb7f6cb0d14e871ff1f2f76376d476915c2a6d2b800269261b2
  languageName: node
  linkType: hard

"typesafe-actions@npm:~5.1.0":
  version: 5.1.0
  resolution: "typesafe-actions@npm:5.1.0"
  checksum: 63f973ca93fcd2a037bf994ec6b173a5bf2fe2eba04ea64d8ddc49f3fcac5506d4209d61e020ab07dd39a21539d9f03fbf7c9ed7a22244c3c6c0758e438f6ef5
  languageName: node
  linkType: hard

"typescript@npm:~4.9.0":
  version: 4.9.5
  resolution: "typescript@npm:4.9.5"
  bin:
    tsc: bin/tsc
    tsserver: bin/tsserver
  checksum: ee000bc26848147ad423b581bd250075662a354d84f0e06eb76d3b892328d8d4440b7487b5a83e851b12b255f55d71835b008a66cbf8f255a11e4400159237db
  languageName: node
  linkType: hard

"typescript@patch:typescript@~4.9.0#~builtin<compat/typescript>":
  version: 4.9.5
  resolution: "typescript@patch:typescript@npm%3A4.9.5#~builtin<compat/typescript>::version=4.9.5&hash=bda367"
  bin:
    tsc: bin/tsc
    tsserver: bin/tsserver
  checksum: 2eee5c37cad4390385db5db5a8e81470e42e8f1401b0358d7390095d6f681b410f2c4a0c496c6ff9ebd775423c7785cdace7bcdad76c7bee283df3d9718c0f20
  languageName: node
  linkType: hard
